
Microsoft Visual Studio Solution File, Format Version 12.00
# Visual Studio Version 17
VisualStudioVersion = 17.0.31903.59
MinimumVisualStudioVersion = 10.0.40219.1
Project("{2150E333-8FDC-42A3-9474-1A3956D46DE8}") = "src", "src", "{827E0CD3-B72D-47B6-A68D-7590B98EB39B}"
EndProject
Project("{FAE04EC0-301F-11D3-BF4B-00C04F79EFBC}") = "API", "src\API\API.csproj", "{C5F3D0BA-6D55-4091-8965-19D5FAAF8E24}"
EndProject
Project("{FAE04EC0-301F-11D3-BF4B-00C04F79EFBC}") = "Infra", "src\Infra\Infra.csproj", "{A6544409-3653-4310-8C68-87674050C92C}"
EndProject
Project("{FAE04EC0-301F-11D3-BF4B-00C04F79EFBC}") = "Domain", "src\Domain\Domain.csproj", "{6A4451EF-27A1-4B7B-A07D-90D1DA24AE62}"
EndProject
Project("{FAE04EC0-301F-11D3-BF4B-00C04F79EFBC}") = "Application", "src\Application\Application.csproj", "{F9126A01-6FDB-43EC-BA21-6FCC0204FCA2}"
EndProject
Project("{2150E333-8FDC-42A3-9474-1A3956D46DE8}") = "tests", "tests", "{0AB3BF05-4346-4AA6-1389-037BE0695223}"
EndProject
Project("{FAE04EC0-301F-11D3-BF4B-00C04F79EFBC}") = "Tests", "tests\Tests.csproj", "{3D47563A-F083-4F7A-9DEA-B496C1B74310}"
EndProject
Global
	GlobalSection(SolutionConfigurationPlatforms) = preSolution
		Debug|Any CPU = Debug|Any CPU
		Debug|x64 = Debug|x64
		Debug|x86 = Debug|x86
		Release|Any CPU = Release|Any CPU
		Release|x64 = Release|x64
		Release|x86 = Release|x86
	EndGlobalSection
	GlobalSection(ProjectConfigurationPlatforms) = postSolution
		{C5F3D0BA-6D55-4091-8965-19D5FAAF8E24}.Debug|Any CPU.ActiveCfg = Debug|Any CPU
		{C5F3D0BA-6D55-4091-8965-19D5FAAF8E24}.Debug|Any CPU.Build.0 = Debug|Any CPU
		{C5F3D0BA-6D55-4091-8965-19D5FAAF8E24}.Debug|x64.ActiveCfg = Debug|Any CPU
		{C5F3D0BA-6D55-4091-8965-19D5FAAF8E24}.Debug|x64.Build.0 = Debug|Any CPU
		{C5F3D0BA-6D55-4091-8965-19D5FAAF8E24}.Debug|x86.ActiveCfg = Debug|Any CPU
		{C5F3D0BA-6D55-4091-8965-19D5FAAF8E24}.Debug|x86.Build.0 = Debug|Any CPU
		{C5F3D0BA-6D55-4091-8965-19D5FAAF8E24}.Release|Any CPU.ActiveCfg = Release|Any CPU
		{C5F3D0BA-6D55-4091-8965-19D5FAAF8E24}.Release|Any CPU.Build.0 = Release|Any CPU
		{C5F3D0BA-6D55-4091-8965-19D5FAAF8E24}.Release|x64.ActiveCfg = Release|Any CPU
		{C5F3D0BA-6D55-4091-8965-19D5FAAF8E24}.Release|x64.Build.0 = Release|Any CPU
		{C5F3D0BA-6D55-4091-8965-19D5FAAF8E24}.Release|x86.ActiveCfg = Release|Any CPU
		{C5F3D0BA-6D55-4091-8965-19D5FAAF8E24}.Release|x86.Build.0 = Release|Any CPU
		{A6544409-3653-4310-8C68-87674050C92C}.Debug|Any CPU.ActiveCfg = Debug|Any CPU
		{A6544409-3653-4310-8C68-87674050C92C}.Debug|Any CPU.Build.0 = Debug|Any CPU
		{A6544409-3653-4310-8C68-87674050C92C}.Debug|x64.ActiveCfg = Debug|Any CPU
		{A6544409-3653-4310-8C68-87674050C92C}.Debug|x64.Build.0 = Debug|Any CPU
		{A6544409-3653-4310-8C68-87674050C92C}.Debug|x86.ActiveCfg = Debug|Any CPU
		{A6544409-3653-4310-8C68-87674050C92C}.Debug|x86.Build.0 = Debug|Any CPU
		{A6544409-3653-4310-8C68-87674050C92C}.Release|Any CPU.ActiveCfg = Release|Any CPU
		{A6544409-3653-4310-8C68-87674050C92C}.Release|Any CPU.Build.0 = Release|Any CPU
		{A6544409-3653-4310-8C68-87674050C92C}.Release|x64.ActiveCfg = Release|Any CPU
		{A6544409-3653-4310-8C68-87674050C92C}.Release|x64.Build.0 = Release|Any CPU
		{A6544409-3653-4310-8C68-87674050C92C}.Release|x86.ActiveCfg = Release|Any CPU
		{A6544409-3653-4310-8C68-87674050C92C}.Release|x86.Build.0 = Release|Any CPU
		{6A4451EF-27A1-4B7B-A07D-90D1DA24AE62}.Debug|Any CPU.ActiveCfg = Debug|Any CPU
		{6A4451EF-27A1-4B7B-A07D-90D1DA24AE62}.Debug|Any CPU.Build.0 = Debug|Any CPU
		{6A4451EF-27A1-4B7B-A07D-90D1DA24AE62}.Debug|x64.ActiveCfg = Debug|Any CPU
		{6A4451EF-27A1-4B7B-A07D-90D1DA24AE62}.Debug|x64.Build.0 = Debug|Any CPU
		{6A4451EF-27A1-4B7B-A07D-90D1DA24AE62}.Debug|x86.ActiveCfg = Debug|Any CPU
		{6A4451EF-27A1-4B7B-A07D-90D1DA24AE62}.Debug|x86.Build.0 = Debug|Any CPU
		{6A4451EF-27A1-4B7B-A07D-90D1DA24AE62}.Release|Any CPU.ActiveCfg = Release|Any CPU
		{6A4451EF-27A1-4B7B-A07D-90D1DA24AE62}.Release|Any CPU.Build.0 = Release|Any CPU
		{6A4451EF-27A1-4B7B-A07D-90D1DA24AE62}.Release|x64.ActiveCfg = Release|Any CPU
		{6A4451EF-27A1-4B7B-A07D-90D1DA24AE62}.Release|x64.Build.0 = Release|Any CPU
		{6A4451EF-27A1-4B7B-A07D-90D1DA24AE62}.Release|x86.ActiveCfg = Release|Any CPU
		{6A4451EF-27A1-4B7B-A07D-90D1DA24AE62}.Release|x86.Build.0 = Release|Any CPU
		{F9126A01-6FDB-43EC-BA21-6FCC0204FCA2}.Debug|Any CPU.ActiveCfg = Debug|Any CPU
		{F9126A01-6FDB-43EC-BA21-6FCC0204FCA2}.Debug|Any CPU.Build.0 = Debug|Any CPU
		{F9126A01-6FDB-43EC-BA21-6FCC0204FCA2}.Debug|x64.ActiveCfg = Debug|Any CPU
		{F9126A01-6FDB-43EC-BA21-6FCC0204FCA2}.Debug|x64.Build.0 = Debug|Any CPU
		{F9126A01-6FDB-43EC-BA21-6FCC0204FCA2}.Debug|x86.ActiveCfg = Debug|Any CPU
		{F9126A01-6FDB-43EC-BA21-6FCC0204FCA2}.Debug|x86.Build.0 = Debug|Any CPU
		{F9126A01-6FDB-43EC-BA21-6FCC0204FCA2}.Release|Any CPU.ActiveCfg = Release|Any CPU
		{F9126A01-6FDB-43EC-BA21-6FCC0204FCA2}.Release|Any CPU.Build.0 = Release|Any CPU
		{F9126A01-6FDB-43EC-BA21-6FCC0204FCA2}.Release|x64.ActiveCfg = Release|Any CPU
		{F9126A01-6FDB-43EC-BA21-6FCC0204FCA2}.Release|x64.Build.0 = Release|Any CPU
		{F9126A01-6FDB-43EC-BA21-6FCC0204FCA2}.Release|x86.ActiveCfg = Release|Any CPU
		{F9126A01-6FDB-43EC-BA21-6FCC0204FCA2}.Release|x86.Build.0 = Release|Any CPU
		{3D47563A-F083-4F7A-9DEA-B496C1B74310}.Debug|Any CPU.ActiveCfg = Debug|Any CPU
		{3D47563A-F083-4F7A-9DEA-B496C1B74310}.Debug|Any CPU.Build.0 = Debug|Any CPU
		{3D47563A-F083-4F7A-9DEA-B496C1B74310}.Debug|x64.ActiveCfg = Debug|Any CPU
		{3D47563A-F083-4F7A-9DEA-B496C1B74310}.Debug|x64.Build.0 = Debug|Any CPU
		{3D47563A-F083-4F7A-9DEA-B496C1B74310}.Debug|x86.ActiveCfg = Debug|Any CPU
		{3D47563A-F083-4F7A-9DEA-B496C1B74310}.Debug|x86.Build.0 = Debug|Any CPU
		{3D47563A-F083-4F7A-9DEA-B496C1B74310}.Release|Any CPU.ActiveCfg = Release|Any CPU
		{3D47563A-F083-4F7A-9DEA-B496C1B74310}.Release|Any CPU.Build.0 = Release|Any CPU
		{3D47563A-F083-4F7A-9DEA-B496C1B74310}.Release|x64.ActiveCfg = Release|Any CPU
		{3D47563A-F083-4F7A-9DEA-B496C1B74310}.Release|x64.Build.0 = Release|Any CPU
		{3D47563A-F083-4F7A-9DEA-B496C1B74310}.Release|x86.ActiveCfg = Release|Any CPU
		{3D47563A-F083-4F7A-9DEA-B496C1B74310}.Release|x86.Build.0 = Release|Any CPU
	EndGlobalSection
	GlobalSection(SolutionProperties) = preSolution
		HideSolutionNode = FALSE
	EndGlobalSection
	GlobalSection(NestedProjects) = preSolution
		{C5F3D0BA-6D55-4091-8965-19D5FAAF8E24} = {827E0CD3-B72D-47B6-A68D-7590B98EB39B}
		{A6544409-3653-4310-8C68-87674050C92C} = {827E0CD3-B72D-47B6-A68D-7590B98EB39B}
		{6A4451EF-27A1-4B7B-A07D-90D1DA24AE62} = {827E0CD3-B72D-47B6-A68D-7590B98EB39B}
		{F9126A01-6FDB-43EC-BA21-6FCC0204FCA2} = {827E0CD3-B72D-47B6-A68D-7590B98EB39B}
		{3D47563A-F083-4F7A-9DEA-B496C1B74310} = {0AB3BF05-4346-4AA6-1389-037BE0695223}
	EndGlobalSection
EndGlobal
